
Microsoft Visual Studio Solution File, Format Version 12.00
# Visual Studio Version 17
VisualStudioVersion = 17.11.35327.3
MinimumVisualStudioVersion = 10.0.40219.1
Project("{8BC9CEB8-8B4A-11D0-8D11-00A0C91BC942}") = "DFS_using_iterative_by_list", "DFS_using_iterative_by_list\DFS_using_iterative_by_list.vcxproj", "{2E538F4C-80E2-4DD4-9408-72F62B459D37}"
EndProject
Global
	GlobalSection(SolutionConfigurationPlatforms) = preSolution
		Debug|x64 = Debug|x64
		Debug|x86 = Debug|x86
		Release|x64 = Release|x64
		Release|x86 = Release|x86
	EndGlobalSection
	GlobalSection(ProjectConfigurationPlatforms) = postSolution
		{2E538F4C-80E2-4DD4-9408-72F62B459D37}.Debug|x64.ActiveCfg = Debug|x64
		{2E538F4C-80E2-4DD4-9408-72F62B459D37}.Debug|x64.Build.0 = Debug|x64
		{2E538F4C-80E2-4DD4-9408-72F62B459D37}.Debug|x86.ActiveCfg = Debug|Win32
		{2E538F4C-80E2-4DD4-9408-72F62B459D37}.Debug|x86.Build.0 = Debug|Win32
		{2E538F4C-80E2-4DD4-9408-72F62B459D37}.Release|x64.ActiveCfg = Release|x64
		{2E538F4C-80E2-4DD4-9408-72F62B459D37}.Release|x64.Build.0 = Release|x64
		{2E538F4C-80E2-4DD4-9408-72F62B459D37}.Release|x86.ActiveCfg = Release|Win32
		{2E538F4C-80E2-4DD4-9408-72F62B459D37}.Release|x86.Build.0 = Release|Win32
	EndGlobalSection
	GlobalSection(SolutionProperties) = preSolution
		HideSolutionNode = FALSE
	EndGlobalSection
	GlobalSection(ExtensibilityGlobals) = postSolution
		SolutionGuid = {F955C23B-6E53-473A-8D60-44857AA201DE}
	EndGlobalSection
EndGlobal
